<Solution>
  <Folder Name="/src/">
    <Project Path="src/EmailEvent.Api/EmailEvent.Api.csproj" />
    <Project Path="src/EmailEvent.Core/EmailEvent.Core.csproj" />
  </Folder>
  <Folder Name="/tests/">
    <Project Path="tests/EmailEvent.SenderTest/EmailEvent.SenderTest.csproj" />
  </Folder>
</Solution>
